{
  "name": "js_test",
  "lockfileVersion": 3,
  "requires": true,
  "packages": {
    "": {
      "dependencies": {
        "trans97": "^1.0.3",
        "twd97-to-latlng": "^1.0.0"
      }
    },
    "node_modules/trans97": {
      "version": "1.0.3",
      "resolved": "https://registry.npmjs.org/trans97/-/trans97-1.0.3.tgz",
      "integrity": "sha512-wbv2ynZiA/WguOjl1PzefeX0+tkC8u2nNJ/rMpimVz6B7oZLaP087m3N1ciQVgUF0K3UJe4vZAB3gsZ4wGDg1Q==",
      "license": "MIT"
    },
    "node_modules/twd97-to-latlng": {
      "version": "1.0.0",
      "resolved": "https://registry.npmjs.org/twd97-to-latlng/-/twd97-to-latlng-1.0.0.tgz",
      "integrity": "sha512-ejAlWFI7/4AL/+GNy8HsQym8oQSEDKmcKGfgcPBFflhbDZ/p8L+A++M8zkqzDaF9a5K2jsloppszVjqyd7TXwQ==",
      "license": "MIT"
    }
  }
}
